# This file is automatically @generated by Cargo.
# It is not intended for manual editing.
version = 3

[[package]]
name = "distringo-census"
version = "0.1.0"

[[package]]
name = "distringo-fetch"
version = "0.1.0"

[[package]]
name = "distringo-shapefile"
version = "0.1.0"

[[package]]
name = "distringo-web"
version = "0.1.0"
